<?xml version="1.0" encoding="utf-8"?>
<Project ToolsVersion="4.0" xmlns="http://schemas.microsoft.com/developer/msbuild/2003">
  <ItemGroup>
    <ClCompile Include="HotKeyMonitorTest.cpp" />
    <ClCompile Include="ImageBitsTest.cpp" />
    <ClCompile Include="OverlordTest.cpp" />
    <ClCompile Include="BitmapGdiTest.cpp" />
    <ClCompile Include="CaptureWndTest.cpp" />
    <ClCompile Include="RectTest.cpp" />
  </ItemGroup>
  <ItemGroup>
    <ClInclude Include="OverlordTest.hpp" />
  </ItemGroup>
</Project>