<?xml version="1.0" encoding="utf-8"?>
<Project ToolsVersion="4.0" xmlns="http://schemas.microsoft.com/developer/msbuild/2003">
  <ItemGroup>
    <ClCompile Include="Main.cpp" />
    <ClCompile Include="WindowGdi.cpp" />
    <ClCompile Include="Image.cpp" />
    <ClCompile Include="CaptureWnd.cpp" />
  </ItemGroup>
  <ItemGroup>
    <ClInclude Include="WindowGdi.hpp" />
    <ClInclude Include="Image.hpp" />
    <ClInclude Include="CaptureWnd.hpp" />
  </ItemGroup>
</Project>