<?xml version="1.0" encoding="utf-8"?>
<Project ToolsVersion="4.0" xmlns="http://schemas.microsoft.com/developer/msbuild/2003">
  <ItemGroup>
    <ClCompile Include="Main.cpp" />
    <ClCompile Include="ImageIO.cpp">
      <Filter>Image</Filter>
    </ClCompile>
    <ClCompile Include="BitmapGdi.cpp">
      <Filter>Image</Filter>
    </ClCompile>
    <ClCompile Include="ImageBits.cpp">
      <Filter>Image</Filter>
    </ClCompile>
    <ClCompile Include="ImageCapture.cpp">
      <Filter>Image</Filter>
    </ClCompile>
    <ClCompile Include="ImageView.cpp">
      <Filter>Windows\UserControls</Filter>
    </ClCompile>
    <ClCompile Include="CaptureWnd.cpp">
      <Filter>Windows</Filter>
    </ClCompile>
    <ClCompile Include="WindowGdi.cpp">
      <Filter>Windows</Filter>
    </ClCompile>
    <ClCompile Include="Dialog.cpp">
      <Filter>Windows\Dialogs\DialogBase</Filter>
    </ClCompile>
    <ClCompile Include="CaptureDialog.cpp">
      <Filter>Windows\Dialogs</Filter>
    </ClCompile>
    <ClCompile Include="CompareDialog.cpp">
      <Filter>Windows\Dialogs</Filter>
    </ClCompile>
    <ClCompile Include="HotkeyMonitor.cpp" />
    <ClCompile Include="ImageComparer.cpp">
      <Filter>Image</Filter>
    </ClCompile>
    <ClCompile Include="DialogLayout.cpp">
      <Filter>Windows\Dialogs\DialogBase</Filter>
    </ClCompile>
    <ClCompile Include="ScrollHandler.cpp">
      <Filter>Windows</Filter>
    </ClCompile>
    <ClCompile Include="ScenarioCaptureCompare.cpp">
      <Filter>Scenarios</Filter>
    </ClCompile>
    <ClCompile Include="ScenarioSamplerDialog.cpp">
      <Filter>Scenarios</Filter>
    </ClCompile>
    <ClCompile Include="ScenarioAreaView.cpp">
      <Filter>Scenarios</Filter>
    </ClCompile>
    <ClCompile Include="AreaView.cpp">
      <Filter>AreaView</Filter>
    </ClCompile>
    <ClCompile Include="MouseScroll.cpp">
      <Filter>Windows</Filter>
    </ClCompile>
    <ClCompile Include="AreaMinimap.cpp">
      <Filter>AreaView</Filter>
    </ClCompile>
    <ClCompile Include="GdiPen.cpp">
      <Filter>Windows</Filter>
    </ClCompile>
    <ClCompile Include="BitmapGdiZoom.cpp">
      <Filter>Image</Filter>
    </ClCompile>
    <ClCompile Include="UserControl.cpp">
      <Filter>Windows\UserControls\UserControlBase</Filter>
    </ClCompile>
    <ClCompile Include="SamplerDialog.cpp">
      <Filter>Windows\Dialogs</Filter>
    </ClCompile>
    <ClCompile Include="ScenarioUserControl.cpp">
      <Filter>Scenarios\ScenarioUserControl</Filter>
    </ClCompile>
    <ClCompile Include="DemoDialog.cpp">
      <Filter>Scenarios\ScenarioUserControl</Filter>
    </ClCompile>
    <ClCompile Include="DemoUserControl.cpp">
      <Filter>Scenarios\ScenarioUserControl</Filter>
    </ClCompile>
  </ItemGroup>
  <ItemGroup>
    <ClInclude Include="CaptureSource.hpp">
      <Filter>Entities</Filter>
    </ClInclude>
    <ClInclude Include="Event.hpp" />
    <ClInclude Include="lib\stb\stb_image.h">
      <Filter>Image\ExternalLibraries\stb</Filter>
    </ClInclude>
    <ClInclude Include="lib\stb\stb_image_write.h">
      <Filter>Image\ExternalLibraries\stb</Filter>
    </ClInclude>
    <ClInclude Include="ImageIO.hpp">
      <Filter>Image</Filter>
    </ClInclude>
    <ClInclude Include="lib\stb\stb_custom.h">
      <Filter>Image\ExternalLibraries\stb</Filter>
    </ClInclude>
    <ClInclude Include="CaptureSample.hpp">
      <Filter>Entities</Filter>
    </ClInclude>
    <ClInclude Include="BitmapGdi.hpp">
      <Filter>Image</Filter>
    </ClInclude>
    <ClInclude Include="ImageBits.hpp">
      <Filter>Image</Filter>
    </ClInclude>
    <ClInclude Include="ImageCapture.hpp">
      <Filter>Image</Filter>
    </ClInclude>
    <ClInclude Include="ImageView.hpp">
      <Filter>Windows\UserControls</Filter>
    </ClInclude>
    <ClInclude Include="WindowGdi.hpp">
      <Filter>Windows</Filter>
    </ClInclude>
    <ClInclude Include="CaptureWnd.hpp">
      <Filter>Windows</Filter>
    </ClInclude>
    <ClInclude Include="Dialog.hpp">
      <Filter>Windows\Dialogs\DialogBase</Filter>
    </ClInclude>
    <ClInclude Include="CompareDialog.hpp">
      <Filter>Windows\Dialogs</Filter>
    </ClInclude>
    <ClInclude Include="CaptureDialog.hpp">
      <Filter>Windows\Dialogs</Filter>
    </ClInclude>
    <ClInclude Include="Overlord.rc.h">
      <Filter>Resources</Filter>
    </ClInclude>
    <ClInclude Include="HotkeyMonitor.hpp" />
    <ClInclude Include="ImageComparer.hpp">
      <Filter>Image</Filter>
    </ClInclude>
    <ClInclude Include="DialogLayout.hpp">
      <Filter>Windows\Dialogs\DialogBase</Filter>
    </ClInclude>
    <ClInclude Include="RectUtility.hpp">
      <Filter>Windows</Filter>
    </ClInclude>
    <ClInclude Include="ScrollHandler.hpp">
      <Filter>Windows</Filter>
    </ClInclude>
    <ClInclude Include="AreaView.hpp">
      <Filter>AreaView</Filter>
    </ClInclude>
    <ClInclude Include="Size.hpp">
      <Filter>AreaView</Filter>
    </ClInclude>
    <ClInclude Include="Rect.hpp">
      <Filter>AreaView</Filter>
    </ClInclude>
    <ClInclude Include="Point.hpp">
      <Filter>AreaView</Filter>
    </ClInclude>
    <ClInclude Include="MouseScroll.hpp">
      <Filter>Windows</Filter>
    </ClInclude>
    <ClInclude Include="AreaMinimap.hpp">
      <Filter>AreaView</Filter>
    </ClInclude>
    <ClInclude Include="GdiPen.hpp">
      <Filter>Windows</Filter>
    </ClInclude>
    <ClInclude Include="BitmapGdiZoom.hpp">
      <Filter>Image</Filter>
    </ClInclude>
    <ClInclude Include="UserControl.hpp">
      <Filter>Windows\UserControls\UserControlBase</Filter>
    </ClInclude>
    <ClInclude Include="SamplerDialog.hpp">
      <Filter>Windows\Dialogs</Filter>
    </ClInclude>
    <ClInclude Include="DemoDialog.hpp">
      <Filter>Scenarios\ScenarioUserControl</Filter>
    </ClInclude>
    <ClInclude Include="DemoUserControl.hpp">
      <Filter>Scenarios\ScenarioUserControl</Filter>
    </ClInclude>
  </ItemGroup>
  <ItemGroup>
    <Filter Include="Resources">
      <UniqueIdentifier>{1a7136c7-3a2f-495f-8751-e493b21ae716}</UniqueIdentifier>
    </Filter>
    <Filter Include="Entities">
      <UniqueIdentifier>{55a96db0-d244-4084-a69c-0bfa2dce578c}</UniqueIdentifier>
    </Filter>
    <Filter Include="Windows">
      <UniqueIdentifier>{d625cd4d-d328-40fc-9c28-dc358370b21f}</UniqueIdentifier>
    </Filter>
    <Filter Include="Image">
      <UniqueIdentifier>{5ee52e98-970a-4e5f-91ce-f81f26ba3e3d}</UniqueIdentifier>
    </Filter>
    <Filter Include="Scenarios">
      <UniqueIdentifier>{ded3cc9a-2b0d-4f6a-86a8-f065770ca559}</UniqueIdentifier>
    </Filter>
    <Filter Include="Windows\UserControls">
      <UniqueIdentifier>{53793d9a-2f43-450e-a71d-a01a3b14dbd5}</UniqueIdentifier>
    </Filter>
    <Filter Include="Windows\Dialogs">
      <UniqueIdentifier>{6a96ef68-7838-4da5-a494-0c43b185fbac}</UniqueIdentifier>
    </Filter>
    <Filter Include="Windows\Dialogs\DialogBase">
      <UniqueIdentifier>{a8c44e32-7aab-4af7-9489-ffbca6bf5109}</UniqueIdentifier>
    </Filter>
    <Filter Include="Image\ExternalLibraries">
      <UniqueIdentifier>{4bae19fd-300f-445b-9829-13ce4c96124a}</UniqueIdentifier>
    </Filter>
    <Filter Include="Image\ExternalLibraries\stb">
      <UniqueIdentifier>{17b8f43d-f66d-4cc4-bd7e-975dddeb52a9}</UniqueIdentifier>
    </Filter>
    <Filter Include="AreaView">
      <UniqueIdentifier>{76f7052a-2161-4c84-b83f-d89d95ec46e0}</UniqueIdentifier>
    </Filter>
    <Filter Include="Windows\UserControls\UserControlBase">
      <UniqueIdentifier>{3635df4a-460e-4e27-a912-e26df4aea9f8}</UniqueIdentifier>
    </Filter>
    <Filter Include="Scenarios\ScenarioUserControl">
      <UniqueIdentifier>{fe64ac98-2851-4d5d-a438-6704ba573a82}</UniqueIdentifier>
    </Filter>
  </ItemGroup>
  <ItemGroup>
    <Image Include="Overlord.ico">
      <Filter>Resources</Filter>
    </Image>
  </ItemGroup>
  <ItemGroup>
    <ResourceCompile Include="Overlord.rc">
      <Filter>Resources</Filter>
    </ResourceCompile>
  </ItemGroup>
</Project>