<?xml version="1.0" encoding="utf-8"?>
<Project ToolsVersion="4.0" xmlns="http://schemas.microsoft.com/developer/msbuild/2003">
  <ItemGroup>
    <ClCompile Include="Main.cpp" />
    <ClCompile Include="Image.cpp" />
    <ClCompile Include="lib\lodepng\lodepng.cpp">
      <Filter>lib\lodepng</Filter>
    </ClCompile>
    <ClCompile Include="HotKeyMonitor.cpp" />
    <ClCompile Include="CaptureDialog.cpp">
      <Filter>Dialogs</Filter>
    </ClCompile>
    <ClCompile Include="DialogBase.cpp">
      <Filter>Dialogs\Base</Filter>
    </ClCompile>
    <ClCompile Include="CompareDialog.cpp">
      <Filter>Dialogs</Filter>
    </ClCompile>
    <ClCompile Include="ScrollHandler.cpp" />
    <ClCompile Include="CaptureWnd.cpp">
      <Filter>Windows</Filter>
    </ClCompile>
    <ClCompile Include="ImageView.cpp">
      <Filter>Windows</Filter>
    </ClCompile>
    <ClCompile Include="WindowGdi.cpp">
      <Filter>Windows</Filter>
    </ClCompile>
  </ItemGroup>
  <ItemGroup>
    <ClInclude Include="Image.hpp" />
    <ClInclude Include="lib\lodepng\lodepng.h">
      <Filter>lib\lodepng</Filter>
    </ClInclude>
    <ClInclude Include="HotKeyMonitor.hpp" />
    <ClInclude Include="resource.h">
      <Filter>Resources</Filter>
    </ClInclude>
    <ClInclude Include="CaptureSample.hpp">
      <Filter>Entities</Filter>
    </ClInclude>
    <ClInclude Include="CaptureSource.hpp">
      <Filter>Entities</Filter>
    </ClInclude>
    <ClInclude Include="CaptureDialog.hpp">
      <Filter>Dialogs</Filter>
    </ClInclude>
    <ClInclude Include="DialogBase.hpp">
      <Filter>Dialogs\Base</Filter>
    </ClInclude>
    <ClInclude Include="CompareDialog.hpp">
      <Filter>Dialogs</Filter>
    </ClInclude>
    <ClInclude Include="ScrollHandler.hpp" />
    <ClInclude Include="CaptureWnd.hpp">
      <Filter>Windows</Filter>
    </ClInclude>
    <ClInclude Include="ImageView.hpp">
      <Filter>Windows</Filter>
    </ClInclude>
    <ClInclude Include="WindowGdi.hpp">
      <Filter>Windows</Filter>
    </ClInclude>
  </ItemGroup>
  <ItemGroup>
    <Filter Include="lib">
      <UniqueIdentifier>{4bae19fd-300f-445b-9829-13ce4c96124a}</UniqueIdentifier>
    </Filter>
    <Filter Include="lib\lodepng">
      <UniqueIdentifier>{e76dd857-cc1a-4f77-a2e6-12bd44965d9b}</UniqueIdentifier>
    </Filter>
    <Filter Include="Resources">
      <UniqueIdentifier>{1a7136c7-3a2f-495f-8751-e493b21ae716}</UniqueIdentifier>
    </Filter>
    <Filter Include="Entities">
      <UniqueIdentifier>{55a96db0-d244-4084-a69c-0bfa2dce578c}</UniqueIdentifier>
    </Filter>
    <Filter Include="Dialogs">
      <UniqueIdentifier>{6a96ef68-7838-4da5-a494-0c43b185fbac}</UniqueIdentifier>
    </Filter>
    <Filter Include="Dialogs\Base">
      <UniqueIdentifier>{a8c44e32-7aab-4af7-9489-ffbca6bf5109}</UniqueIdentifier>
    </Filter>
    <Filter Include="Windows">
      <UniqueIdentifier>{d625cd4d-d328-40fc-9c28-dc358370b21f}</UniqueIdentifier>
    </Filter>
  </ItemGroup>
  <ItemGroup>
    <Image Include="Overlord.ico">
      <Filter>Resources</Filter>
    </Image>
  </ItemGroup>
  <ItemGroup>
    <ResourceCompile Include="Overlord.rc">
      <Filter>Resources</Filter>
    </ResourceCompile>
  </ItemGroup>
</Project>